
Microsoft Visual Studio Solution File, Format Version 12.00
# Visual Studio Version 17
VisualStudioVersion = 17.6.33815.320
MinimumVisualStudioVersion = 10.0.40219.1
Project("{9A19103F-16F7-4668-BE54-9A1E7A4F7556}") = "SosyalYardim.Module", "SosyalYardim.Module\SosyalYardim.Module.csproj", "{23AEC4EE-65FE-4C47-8949-31858433E858}"
EndProject
Project("{9A19103F-16F7-4668-BE54-9A1E7A4F7556}") = "SosyalYardim.MiddleTierWebApi", "SosyalYardim.MiddleTierWebApi\SosyalYardim.MiddleTierWebApi.csproj", "{D3C3745B-087D-4E81-A103-67F5CE3E4D81}"
EndProject
Project("{9A19103F-16F7-4668-BE54-9A1E7A4F7556}") = "SosyalYardim.Win", "SosyalYardim.Win\SosyalYardim.Win.csproj", "{26E717EE-A456-49F7-AD42-453615F32CBF}"
EndProject
Project("{9A19103F-16F7-4668-BE54-9A1E7A4F7556}") = "SosyalYardim.Blazor.Server", "SosyalYardim.Blazor.Server\SosyalYardim.Blazor.Server.csproj", "{8AC8A513-144E-4DD2-8D8D-250BCB4A5256}"
EndProject
Global
	GlobalSection(SolutionConfigurationPlatforms) = preSolution
		Debug|Any CPU = Debug|Any CPU
		EasyTest|Any CPU = EasyTest|Any CPU
		Release|Any CPU = Release|Any CPU
	EndGlobalSection
	GlobalSection(ProjectConfigurationPlatforms) = postSolution
		{23AEC4EE-65FE-4C47-8949-31858433E858}.Debug|Any CPU.ActiveCfg = Debug|Any CPU
		{23AEC4EE-65FE-4C47-8949-31858433E858}.Debug|Any CPU.Build.0 = Debug|Any CPU
		{23AEC4EE-65FE-4C47-8949-31858433E858}.EasyTest|Any CPU.ActiveCfg = EasyTest|Any CPU
		{23AEC4EE-65FE-4C47-8949-31858433E858}.EasyTest|Any CPU.Build.0 = EasyTest|Any CPU
		{23AEC4EE-65FE-4C47-8949-31858433E858}.Release|Any CPU.ActiveCfg = Release|Any CPU
		{23AEC4EE-65FE-4C47-8949-31858433E858}.Release|Any CPU.Build.0 = Release|Any CPU
		{D3C3745B-087D-4E81-A103-67F5CE3E4D81}.Debug|Any CPU.ActiveCfg = Debug|Any CPU
		{D3C3745B-087D-4E81-A103-67F5CE3E4D81}.Debug|Any CPU.Build.0 = Debug|Any CPU
		{D3C3745B-087D-4E81-A103-67F5CE3E4D81}.EasyTest|Any CPU.ActiveCfg = EasyTest|Any CPU
		{D3C3745B-087D-4E81-A103-67F5CE3E4D81}.EasyTest|Any CPU.Build.0 = EasyTest|Any CPU
		{D3C3745B-087D-4E81-A103-67F5CE3E4D81}.Release|Any CPU.ActiveCfg = Release|Any CPU
		{D3C3745B-087D-4E81-A103-67F5CE3E4D81}.Release|Any CPU.Build.0 = Release|Any CPU
		{26E717EE-A456-49F7-AD42-453615F32CBF}.Debug|Any CPU.ActiveCfg = Debug|Any CPU
		{26E717EE-A456-49F7-AD42-453615F32CBF}.Debug|Any CPU.Build.0 = Debug|Any CPU
		{26E717EE-A456-49F7-AD42-453615F32CBF}.EasyTest|Any CPU.ActiveCfg = EasyTest|Any CPU
		{26E717EE-A456-49F7-AD42-453615F32CBF}.EasyTest|Any CPU.Build.0 = EasyTest|Any CPU
		{26E717EE-A456-49F7-AD42-453615F32CBF}.Release|Any CPU.ActiveCfg = Release|Any CPU
		{26E717EE-A456-49F7-AD42-453615F32CBF}.Release|Any CPU.Build.0 = Release|Any CPU
		{8AC8A513-144E-4DD2-8D8D-250BCB4A5256}.Debug|Any CPU.ActiveCfg = Debug|Any CPU
		{8AC8A513-144E-4DD2-8D8D-250BCB4A5256}.Debug|Any CPU.Build.0 = Debug|Any CPU
		{8AC8A513-144E-4DD2-8D8D-250BCB4A5256}.EasyTest|Any CPU.ActiveCfg = EasyTest|Any CPU
		{8AC8A513-144E-4DD2-8D8D-250BCB4A5256}.EasyTest|Any CPU.Build.0 = EasyTest|Any CPU
		{8AC8A513-144E-4DD2-8D8D-250BCB4A5256}.Release|Any CPU.ActiveCfg = Release|Any CPU
		{8AC8A513-144E-4DD2-8D8D-250BCB4A5256}.Release|Any CPU.Build.0 = Release|Any CPU
	EndGlobalSection
	GlobalSection(SolutionProperties) = preSolution
		HideSolutionNode = FALSE
	EndGlobalSection
EndGlobal
